
Microsoft Visual Studio Solution File, Format Version 12.00
# Visual Studio Version 17
VisualStudioVersion = 17.5.33530.505
MinimumVisualStudioVersion = 10.0.40219.1
Project("{9A19103F-16F7-4668-BE54-9A1E7A4F7556}") = "Sprachfeatures", "Sprachfeatures\Sprachfeatures.csproj", "{BCD08CF1-A20C-484C-849F-4EE42FC04B0D}"
EndProject
Project("{9A19103F-16F7-4668-BE54-9A1E7A4F7556}") = "TopLevelStatements", "TopLevelStatements\TopLevelStatements.csproj", "{5D94DEAA-1DB0-4CD6-8FC3-5AF3B2B15964}"
EndProject
Project("{9A19103F-16F7-4668-BE54-9A1E7A4F7556}") = "DelegatesEvents", "DelegatesEvents\DelegatesEvents.csproj", "{59516D62-1733-4B86-B1CC-F68222088A03}"
EndProject
Project("{9A19103F-16F7-4668-BE54-9A1E7A4F7556}") = "Generics", "Generics\Generics.csproj", "{4C5C902B-B457-4570-924B-8AC09BF13868}"
EndProject
Project("{FAE04EC0-301F-11D3-BF4B-00C04F79EFBC}") = "Serialisierung", "Serialisierung\Serialisierung.csproj", "{3D73ACC1-A838-4D99-9DA2-2DB6B1B008F6}"
EndProject
Project("{FAE04EC0-301F-11D3-BF4B-00C04F79EFBC}") = "Multithreading", "Multithreading\Multithreading.csproj", "{286CC9CC-B03C-47BC-AE43-BBCDF1CC6372}"
EndProject
Global
	GlobalSection(SolutionConfigurationPlatforms) = preSolution
		Debug|Any CPU = Debug|Any CPU
		Release|Any CPU = Release|Any CPU
	EndGlobalSection
	GlobalSection(ProjectConfigurationPlatforms) = postSolution
		{BCD08CF1-A20C-484C-849F-4EE42FC04B0D}.Debug|Any CPU.ActiveCfg = Debug|Any CPU
		{BCD08CF1-A20C-484C-849F-4EE42FC04B0D}.Debug|Any CPU.Build.0 = Debug|Any CPU
		{BCD08CF1-A20C-484C-849F-4EE42FC04B0D}.Release|Any CPU.ActiveCfg = Release|Any CPU
		{BCD08CF1-A20C-484C-849F-4EE42FC04B0D}.Release|Any CPU.Build.0 = Release|Any CPU
		{5D94DEAA-1DB0-4CD6-8FC3-5AF3B2B15964}.Debug|Any CPU.ActiveCfg = Debug|Any CPU
		{5D94DEAA-1DB0-4CD6-8FC3-5AF3B2B15964}.Debug|Any CPU.Build.0 = Debug|Any CPU
		{5D94DEAA-1DB0-4CD6-8FC3-5AF3B2B15964}.Release|Any CPU.ActiveCfg = Release|Any CPU
		{5D94DEAA-1DB0-4CD6-8FC3-5AF3B2B15964}.Release|Any CPU.Build.0 = Release|Any CPU
		{59516D62-1733-4B86-B1CC-F68222088A03}.Debug|Any CPU.ActiveCfg = Debug|Any CPU
		{59516D62-1733-4B86-B1CC-F68222088A03}.Debug|Any CPU.Build.0 = Debug|Any CPU
		{59516D62-1733-4B86-B1CC-F68222088A03}.Release|Any CPU.ActiveCfg = Release|Any CPU
		{59516D62-1733-4B86-B1CC-F68222088A03}.Release|Any CPU.Build.0 = Release|Any CPU
		{4C5C902B-B457-4570-924B-8AC09BF13868}.Debug|Any CPU.ActiveCfg = Debug|Any CPU
		{4C5C902B-B457-4570-924B-8AC09BF13868}.Debug|Any CPU.Build.0 = Debug|Any CPU
		{4C5C902B-B457-4570-924B-8AC09BF13868}.Release|Any CPU.ActiveCfg = Release|Any CPU
		{4C5C902B-B457-4570-924B-8AC09BF13868}.Release|Any CPU.Build.0 = Release|Any CPU
		{3D73ACC1-A838-4D99-9DA2-2DB6B1B008F6}.Debug|Any CPU.ActiveCfg = Debug|Any CPU
		{3D73ACC1-A838-4D99-9DA2-2DB6B1B008F6}.Debug|Any CPU.Build.0 = Debug|Any CPU
		{3D73ACC1-A838-4D99-9DA2-2DB6B1B008F6}.Release|Any CPU.ActiveCfg = Release|Any CPU
		{3D73ACC1-A838-4D99-9DA2-2DB6B1B008F6}.Release|Any CPU.Build.0 = Release|Any CPU
		{286CC9CC-B03C-47BC-AE43-BBCDF1CC6372}.Debug|Any CPU.ActiveCfg = Debug|Any CPU
		{286CC9CC-B03C-47BC-AE43-BBCDF1CC6372}.Debug|Any CPU.Build.0 = Debug|Any CPU
		{286CC9CC-B03C-47BC-AE43-BBCDF1CC6372}.Release|Any CPU.ActiveCfg = Release|Any CPU
		{286CC9CC-B03C-47BC-AE43-BBCDF1CC6372}.Release|Any CPU.Build.0 = Release|Any CPU
	EndGlobalSection
	GlobalSection(SolutionProperties) = preSolution
		HideSolutionNode = FALSE
	EndGlobalSection
	GlobalSection(ExtensibilityGlobals) = postSolution
		SolutionGuid = {931F74FB-F994-4BEE-A273-A78CAE4FD1F9}
	EndGlobalSection
EndGlobal
