
Microsoft Visual Studio Solution File, Format Version 12.00
# Visual Studio Version 17
VisualStudioVersion = 17.5.33530.505
MinimumVisualStudioVersion = 10.0.40219.1
Project("{9A19103F-16F7-4668-BE54-9A1E7A4F7556}") = "Sprachfeatures", "Sprachfeatures\Sprachfeatures.csproj", "{BCD08CF1-A20C-484C-849F-4EE42FC04B0D}"
EndProject
Project("{9A19103F-16F7-4668-BE54-9A1E7A4F7556}") = "TopLevelStatements", "TopLevelStatements\TopLevelStatements.csproj", "{5D94DEAA-1DB0-4CD6-8FC3-5AF3B2B15964}"
EndProject
Project("{9A19103F-16F7-4668-BE54-9A1E7A4F7556}") = "DelegatesEvents", "DelegatesEvents\DelegatesEvents.csproj", "{59516D62-1733-4B86-B1CC-F68222088A03}"
EndProject
Project("{9A19103F-16F7-4668-BE54-9A1E7A4F7556}") = "Generics", "Generics\Generics.csproj", "{4C5C902B-B457-4570-924B-8AC09BF13868}"
EndProject
Project("{9A19103F-16F7-4668-BE54-9A1E7A4F7556}") = "Serialisierung", "Serialisierung\Serialisierung.csproj", "{3D73ACC1-A838-4D99-9DA2-2DB6B1B008F6}"
EndProject
Project("{9A19103F-16F7-4668-BE54-9A1E7A4F7556}") = "Multithreading", "Multithreading\Multithreading.csproj", "{286CC9CC-B03C-47BC-AE43-BBCDF1CC6372}"
EndProject
Project("{9A19103F-16F7-4668-BE54-9A1E7A4F7556}") = "Multitasking", "Multitasking\Multitasking.csproj", "{BE0957FF-11E0-4026-9C1B-E7D1F5E37776}"
EndProject
Project("{9A19103F-16F7-4668-BE54-9A1E7A4F7556}") = "AsyncAwait", "AsyncAwait\AsyncAwait.csproj", "{EF1BC5E3-4EF8-45B5-B5D6-FB818B3E10F0}"
EndProject
Project("{9A19103F-16F7-4668-BE54-9A1E7A4F7556}") = "AsyncAwaitWPF", "AsyncAwaitWPF\AsyncAwaitWPF.csproj", "{1BB9665D-B166-4AA4-8466-C794C08CE9BE}"
EndProject
Project("{FAE04EC0-301F-11D3-BF4B-00C04F79EFBC}") = "LinqErweiterungsmethoden", "LinqErweiterungsmethoden\LinqErweiterungsmethoden.csproj", "{DB28BDE7-DEB9-4AD6-B8DF-E26BB71FADFC}"
EndProject
Project("{FAE04EC0-301F-11D3-BF4B-00C04F79EFBC}") = "Reflection", "Reflection\Reflection.csproj", "{A542AFD9-AD76-4045-8E6D-19FE39FA5EEE}"
EndProject
Project("{FAE04EC0-301F-11D3-BF4B-00C04F79EFBC}") = "PluginBase", "PluginBase\PluginBase.csproj", "{CF9F1C41-1C77-4CEB-9411-F0B631F5EFF4}"
EndProject
Project("{FAE04EC0-301F-11D3-BF4B-00C04F79EFBC}") = "PluginCalculator", "PluginCalculator\PluginCalculator.csproj", "{DC1A4B4D-69CD-4B8D-8D77-BB4C45F86273}"
EndProject
Project("{FAE04EC0-301F-11D3-BF4B-00C04F79EFBC}") = "PluginClient", "PluginClient\PluginClient.csproj", "{ECC00C84-455E-473E-8731-3465D9AE6B9E}"
EndProject
Project("{FAE04EC0-301F-11D3-BF4B-00C04F79EFBC}") = "Sonstiges", "Sonstiges\Sonstiges.csproj", "{BD04CA8D-2AD9-4C3D-832C-83C96CD28BC3}"
EndProject
Project("{FAE04EC0-301F-11D3-BF4B-00C04F79EFBC}") = "Benchmarks", "Benchmarks\Benchmarks.csproj", "{8025B3FA-B505-44E3-9A51-E167A450FAFC}"
EndProject
Global
	GlobalSection(SolutionConfigurationPlatforms) = preSolution
		Debug|Any CPU = Debug|Any CPU
		Release|Any CPU = Release|Any CPU
	EndGlobalSection
	GlobalSection(ProjectConfigurationPlatforms) = postSolution
		{BCD08CF1-A20C-484C-849F-4EE42FC04B0D}.Debug|Any CPU.ActiveCfg = Debug|Any CPU
		{BCD08CF1-A20C-484C-849F-4EE42FC04B0D}.Debug|Any CPU.Build.0 = Debug|Any CPU
		{BCD08CF1-A20C-484C-849F-4EE42FC04B0D}.Release|Any CPU.ActiveCfg = Release|Any CPU
		{BCD08CF1-A20C-484C-849F-4EE42FC04B0D}.Release|Any CPU.Build.0 = Release|Any CPU
		{5D94DEAA-1DB0-4CD6-8FC3-5AF3B2B15964}.Debug|Any CPU.ActiveCfg = Debug|Any CPU
		{5D94DEAA-1DB0-4CD6-8FC3-5AF3B2B15964}.Debug|Any CPU.Build.0 = Debug|Any CPU
		{5D94DEAA-1DB0-4CD6-8FC3-5AF3B2B15964}.Release|Any CPU.ActiveCfg = Release|Any CPU
		{5D94DEAA-1DB0-4CD6-8FC3-5AF3B2B15964}.Release|Any CPU.Build.0 = Release|Any CPU
		{59516D62-1733-4B86-B1CC-F68222088A03}.Debug|Any CPU.ActiveCfg = Debug|Any CPU
		{59516D62-1733-4B86-B1CC-F68222088A03}.Debug|Any CPU.Build.0 = Debug|Any CPU
		{59516D62-1733-4B86-B1CC-F68222088A03}.Release|Any CPU.ActiveCfg = Release|Any CPU
		{59516D62-1733-4B86-B1CC-F68222088A03}.Release|Any CPU.Build.0 = Release|Any CPU
		{4C5C902B-B457-4570-924B-8AC09BF13868}.Debug|Any CPU.ActiveCfg = Debug|Any CPU
		{4C5C902B-B457-4570-924B-8AC09BF13868}.Debug|Any CPU.Build.0 = Debug|Any CPU
		{4C5C902B-B457-4570-924B-8AC09BF13868}.Release|Any CPU.ActiveCfg = Release|Any CPU
		{4C5C902B-B457-4570-924B-8AC09BF13868}.Release|Any CPU.Build.0 = Release|Any CPU
		{3D73ACC1-A838-4D99-9DA2-2DB6B1B008F6}.Debug|Any CPU.ActiveCfg = Debug|Any CPU
		{3D73ACC1-A838-4D99-9DA2-2DB6B1B008F6}.Debug|Any CPU.Build.0 = Debug|Any CPU
		{3D73ACC1-A838-4D99-9DA2-2DB6B1B008F6}.Release|Any CPU.ActiveCfg = Release|Any CPU
		{3D73ACC1-A838-4D99-9DA2-2DB6B1B008F6}.Release|Any CPU.Build.0 = Release|Any CPU
		{286CC9CC-B03C-47BC-AE43-BBCDF1CC6372}.Debug|Any CPU.ActiveCfg = Debug|Any CPU
		{286CC9CC-B03C-47BC-AE43-BBCDF1CC6372}.Debug|Any CPU.Build.0 = Debug|Any CPU
		{286CC9CC-B03C-47BC-AE43-BBCDF1CC6372}.Release|Any CPU.ActiveCfg = Release|Any CPU
		{286CC9CC-B03C-47BC-AE43-BBCDF1CC6372}.Release|Any CPU.Build.0 = Release|Any CPU
		{BE0957FF-11E0-4026-9C1B-E7D1F5E37776}.Debug|Any CPU.ActiveCfg = Debug|Any CPU
		{BE0957FF-11E0-4026-9C1B-E7D1F5E37776}.Debug|Any CPU.Build.0 = Debug|Any CPU
		{BE0957FF-11E0-4026-9C1B-E7D1F5E37776}.Release|Any CPU.ActiveCfg = Release|Any CPU
		{BE0957FF-11E0-4026-9C1B-E7D1F5E37776}.Release|Any CPU.Build.0 = Release|Any CPU
		{EF1BC5E3-4EF8-45B5-B5D6-FB818B3E10F0}.Debug|Any CPU.ActiveCfg = Debug|Any CPU
		{EF1BC5E3-4EF8-45B5-B5D6-FB818B3E10F0}.Debug|Any CPU.Build.0 = Debug|Any CPU
		{EF1BC5E3-4EF8-45B5-B5D6-FB818B3E10F0}.Release|Any CPU.ActiveCfg = Release|Any CPU
		{EF1BC5E3-4EF8-45B5-B5D6-FB818B3E10F0}.Release|Any CPU.Build.0 = Release|Any CPU
		{1BB9665D-B166-4AA4-8466-C794C08CE9BE}.Debug|Any CPU.ActiveCfg = Debug|Any CPU
		{1BB9665D-B166-4AA4-8466-C794C08CE9BE}.Debug|Any CPU.Build.0 = Debug|Any CPU
		{1BB9665D-B166-4AA4-8466-C794C08CE9BE}.Release|Any CPU.ActiveCfg = Release|Any CPU
		{1BB9665D-B166-4AA4-8466-C794C08CE9BE}.Release|Any CPU.Build.0 = Release|Any CPU
		{DB28BDE7-DEB9-4AD6-B8DF-E26BB71FADFC}.Debug|Any CPU.ActiveCfg = Debug|Any CPU
		{DB28BDE7-DEB9-4AD6-B8DF-E26BB71FADFC}.Debug|Any CPU.Build.0 = Debug|Any CPU
		{DB28BDE7-DEB9-4AD6-B8DF-E26BB71FADFC}.Release|Any CPU.ActiveCfg = Release|Any CPU
		{DB28BDE7-DEB9-4AD6-B8DF-E26BB71FADFC}.Release|Any CPU.Build.0 = Release|Any CPU
		{A542AFD9-AD76-4045-8E6D-19FE39FA5EEE}.Debug|Any CPU.ActiveCfg = Debug|Any CPU
		{A542AFD9-AD76-4045-8E6D-19FE39FA5EEE}.Debug|Any CPU.Build.0 = Debug|Any CPU
		{A542AFD9-AD76-4045-8E6D-19FE39FA5EEE}.Release|Any CPU.ActiveCfg = Release|Any CPU
		{A542AFD9-AD76-4045-8E6D-19FE39FA5EEE}.Release|Any CPU.Build.0 = Release|Any CPU
		{CF9F1C41-1C77-4CEB-9411-F0B631F5EFF4}.Debug|Any CPU.ActiveCfg = Debug|Any CPU
		{CF9F1C41-1C77-4CEB-9411-F0B631F5EFF4}.Debug|Any CPU.Build.0 = Debug|Any CPU
		{CF9F1C41-1C77-4CEB-9411-F0B631F5EFF4}.Release|Any CPU.ActiveCfg = Release|Any CPU
		{CF9F1C41-1C77-4CEB-9411-F0B631F5EFF4}.Release|Any CPU.Build.0 = Release|Any CPU
		{DC1A4B4D-69CD-4B8D-8D77-BB4C45F86273}.Debug|Any CPU.ActiveCfg = Debug|Any CPU
		{DC1A4B4D-69CD-4B8D-8D77-BB4C45F86273}.Debug|Any CPU.Build.0 = Debug|Any CPU
		{DC1A4B4D-69CD-4B8D-8D77-BB4C45F86273}.Release|Any CPU.ActiveCfg = Release|Any CPU
		{DC1A4B4D-69CD-4B8D-8D77-BB4C45F86273}.Release|Any CPU.Build.0 = Release|Any CPU
		{ECC00C84-455E-473E-8731-3465D9AE6B9E}.Debug|Any CPU.ActiveCfg = Debug|Any CPU
		{ECC00C84-455E-473E-8731-3465D9AE6B9E}.Debug|Any CPU.Build.0 = Debug|Any CPU
		{ECC00C84-455E-473E-8731-3465D9AE6B9E}.Release|Any CPU.ActiveCfg = Release|Any CPU
		{ECC00C84-455E-473E-8731-3465D9AE6B9E}.Release|Any CPU.Build.0 = Release|Any CPU
		{BD04CA8D-2AD9-4C3D-832C-83C96CD28BC3}.Debug|Any CPU.ActiveCfg = Debug|Any CPU
		{BD04CA8D-2AD9-4C3D-832C-83C96CD28BC3}.Debug|Any CPU.Build.0 = Debug|Any CPU
		{BD04CA8D-2AD9-4C3D-832C-83C96CD28BC3}.Release|Any CPU.ActiveCfg = Release|Any CPU
		{BD04CA8D-2AD9-4C3D-832C-83C96CD28BC3}.Release|Any CPU.Build.0 = Release|Any CPU
		{8025B3FA-B505-44E3-9A51-E167A450FAFC}.Debug|Any CPU.ActiveCfg = Debug|Any CPU
		{8025B3FA-B505-44E3-9A51-E167A450FAFC}.Debug|Any CPU.Build.0 = Debug|Any CPU
		{8025B3FA-B505-44E3-9A51-E167A450FAFC}.Release|Any CPU.ActiveCfg = Release|Any CPU
		{8025B3FA-B505-44E3-9A51-E167A450FAFC}.Release|Any CPU.Build.0 = Release|Any CPU
	EndGlobalSection
	GlobalSection(SolutionProperties) = preSolution
		HideSolutionNode = FALSE
	EndGlobalSection
	GlobalSection(ExtensibilityGlobals) = postSolution
		SolutionGuid = {931F74FB-F994-4BEE-A273-A78CAE4FD1F9}
	EndGlobalSection
EndGlobal
